
Microsoft Visual Studio Solution File, Format Version 12.00
# Visual Studio 15
VisualStudioVersion = 15.0.28010.2046
MinimumVisualStudioVersion = 10.0.40219.1
Project("{FAE04EC0-301F-11D3-BF4B-00C04F79EFBC}") = "FaciTApp.Android", "FaciTApp\FaciTApp.Android\FaciTApp.Android.csproj", "{EDE3D06B-3935-4CBB-A905-15711316A6D4}"
EndProject
Project("{FAE04EC0-301F-11D3-BF4B-00C04F79EFBC}") = "FaciTApp.iOS", "FaciTApp\FaciTApp.iOS\FaciTApp.iOS.csproj", "{401DD32B-B4A0-4F3F-865C-70BCDA728921}"
EndProject
Project("{FAE04EC0-301F-11D3-BF4B-00C04F79EFBC}") = "FaciTApp", "FaciTApp\FaciTApp\FaciTApp.csproj", "{F9C7ADC4-CDB7-4E2F-B481-6ABA07082492}"
EndProject
Global
	GlobalSection(SolutionConfigurationPlatforms) = preSolution
		Ad-Hoc|Any CPU = Ad-Hoc|Any CPU
		Ad-Hoc|iPhone = Ad-Hoc|iPhone
		Ad-Hoc|iPhoneSimulator = Ad-Hoc|iPhoneSimulator
		AppStore|Any CPU = AppStore|Any CPU
		AppStore|iPhone = AppStore|iPhone
		AppStore|iPhoneSimulator = AppStore|iPhoneSimulator
		Debug|Any CPU = Debug|Any CPU
		Debug|iPhone = Debug|iPhone
		Debug|iPhoneSimulator = Debug|iPhoneSimulator
		Release|Any CPU = Release|Any CPU
		Release|iPhone = Release|iPhone
		Release|iPhoneSimulator = Release|iPhoneSimulator
	EndGlobalSection
	GlobalSection(ProjectConfigurationPlatforms) = postSolution
		{EDE3D06B-3935-4CBB-A905-15711316A6D4}.Ad-Hoc|Any CPU.ActiveCfg = Release|Any CPU
		{EDE3D06B-3935-4CBB-A905-15711316A6D4}.Ad-Hoc|Any CPU.Build.0 = Release|Any CPU
		{EDE3D06B-3935-4CBB-A905-15711316A6D4}.Ad-Hoc|Any CPU.Deploy.0 = Release|Any CPU
		{EDE3D06B-3935-4CBB-A905-15711316A6D4}.Ad-Hoc|iPhone.ActiveCfg = Release|Any CPU
		{EDE3D06B-3935-4CBB-A905-15711316A6D4}.Ad-Hoc|iPhone.Build.0 = Release|Any CPU
		{EDE3D06B-3935-4CBB-A905-15711316A6D4}.Ad-Hoc|iPhone.Deploy.0 = Release|Any CPU
		{EDE3D06B-3935-4CBB-A905-15711316A6D4}.Ad-Hoc|iPhoneSimulator.ActiveCfg = Release|Any CPU
		{EDE3D06B-3935-4CBB-A905-15711316A6D4}.Ad-Hoc|iPhoneSimulator.Build.0 = Release|Any CPU
		{EDE3D06B-3935-4CBB-A905-15711316A6D4}.Ad-Hoc|iPhoneSimulator.Deploy.0 = Release|Any CPU
		{EDE3D06B-3935-4CBB-A905-15711316A6D4}.AppStore|Any CPU.ActiveCfg = Release|Any CPU
		{EDE3D06B-3935-4CBB-A905-15711316A6D4}.AppStore|Any CPU.Build.0 = Release|Any CPU
		{EDE3D06B-3935-4CBB-A905-15711316A6D4}.AppStore|Any CPU.Deploy.0 = Release|Any CPU
		{EDE3D06B-3935-4CBB-A905-15711316A6D4}.AppStore|iPhone.ActiveCfg = Release|Any CPU
		{EDE3D06B-3935-4CBB-A905-15711316A6D4}.AppStore|iPhone.Build.0 = Release|Any CPU
		{EDE3D06B-3935-4CBB-A905-15711316A6D4}.AppStore|iPhone.Deploy.0 = Release|Any CPU
		{EDE3D06B-3935-4CBB-A905-15711316A6D4}.AppStore|iPhoneSimulator.ActiveCfg = Release|Any CPU
		{EDE3D06B-3935-4CBB-A905-15711316A6D4}.AppStore|iPhoneSimulator.Build.0 = Release|Any CPU
		{EDE3D06B-3935-4CBB-A905-15711316A6D4}.AppStore|iPhoneSimulator.Deploy.0 = Release|Any CPU
		{EDE3D06B-3935-4CBB-A905-15711316A6D4}.Debug|Any CPU.ActiveCfg = Debug|Any CPU
		{EDE3D06B-3935-4CBB-A905-15711316A6D4}.Debug|Any CPU.Build.0 = Debug|Any CPU
		{EDE3D06B-3935-4CBB-A905-15711316A6D4}.Debug|Any CPU.Deploy.0 = Debug|Any CPU
		{EDE3D06B-3935-4CBB-A905-15711316A6D4}.Debug|iPhone.ActiveCfg = Debug|Any CPU
		{EDE3D06B-3935-4CBB-A905-15711316A6D4}.Debug|iPhone.Build.0 = Debug|Any CPU
		{EDE3D06B-3935-4CBB-A905-15711316A6D4}.Debug|iPhone.Deploy.0 = Debug|Any CPU
		{EDE3D06B-3935-4CBB-A905-15711316A6D4}.Debug|iPhoneSimulator.ActiveCfg = Debug|Any CPU
		{EDE3D06B-3935-4CBB-A905-15711316A6D4}.Debug|iPhoneSimulator.Build.0 = Debug|Any CPU
		{EDE3D06B-3935-4CBB-A905-15711316A6D4}.Debug|iPhoneSimulator.Deploy.0 = Debug|Any CPU
		{EDE3D06B-3935-4CBB-A905-15711316A6D4}.Release|Any CPU.ActiveCfg = Release|Any CPU
		{EDE3D06B-3935-4CBB-A905-15711316A6D4}.Release|Any CPU.Build.0 = Release|Any CPU
		{EDE3D06B-3935-4CBB-A905-15711316A6D4}.Release|Any CPU.Deploy.0 = Release|Any CPU
		{EDE3D06B-3935-4CBB-A905-15711316A6D4}.Release|iPhone.ActiveCfg = Release|Any CPU
		{EDE3D06B-3935-4CBB-A905-15711316A6D4}.Release|iPhone.Build.0 = Release|Any CPU
		{EDE3D06B-3935-4CBB-A905-15711316A6D4}.Release|iPhone.Deploy.0 = Release|Any CPU
		{EDE3D06B-3935-4CBB-A905-15711316A6D4}.Release|iPhoneSimulator.ActiveCfg = Release|Any CPU
		{EDE3D06B-3935-4CBB-A905-15711316A6D4}.Release|iPhoneSimulator.Build.0 = Release|Any CPU
		{EDE3D06B-3935-4CBB-A905-15711316A6D4}.Release|iPhoneSimulator.Deploy.0 = Release|Any CPU
		{401DD32B-B4A0-4F3F-865C-70BCDA728921}.Ad-Hoc|Any CPU.ActiveCfg = Ad-Hoc|iPhone
		{401DD32B-B4A0-4F3F-865C-70BCDA728921}.Ad-Hoc|Any CPU.Build.0 = Ad-Hoc|iPhone
		{401DD32B-B4A0-4F3F-865C-70BCDA728921}.Ad-Hoc|Any CPU.Deploy.0 = Ad-Hoc|iPhone
		{401DD32B-B4A0-4F3F-865C-70BCDA728921}.Ad-Hoc|iPhone.ActiveCfg = Ad-Hoc|iPhone
		{401DD32B-B4A0-4F3F-865C-70BCDA728921}.Ad-Hoc|iPhone.Build.0 = Ad-Hoc|iPhone
		{401DD32B-B4A0-4F3F-865C-70BCDA728921}.Ad-Hoc|iPhone.Deploy.0 = Ad-Hoc|iPhone
		{401DD32B-B4A0-4F3F-865C-70BCDA728921}.Ad-Hoc|iPhoneSimulator.ActiveCfg = Ad-Hoc|iPhoneSimulator
		{401DD32B-B4A0-4F3F-865C-70BCDA728921}.Ad-Hoc|iPhoneSimulator.Build.0 = Ad-Hoc|iPhoneSimulator
		{401DD32B-B4A0-4F3F-865C-70BCDA728921}.Ad-Hoc|iPhoneSimulator.Deploy.0 = Ad-Hoc|iPhoneSimulator
		{401DD32B-B4A0-4F3F-865C-70BCDA728921}.AppStore|Any CPU.ActiveCfg = AppStore|iPhone
		{401DD32B-B4A0-4F3F-865C-70BCDA728921}.AppStore|Any CPU.Build.0 = AppStore|iPhone
		{401DD32B-B4A0-4F3F-865C-70BCDA728921}.AppStore|Any CPU.Deploy.0 = AppStore|iPhone
		{401DD32B-B4A0-4F3F-865C-70BCDA728921}.AppStore|iPhone.ActiveCfg = AppStore|iPhone
		{401DD32B-B4A0-4F3F-865C-70BCDA728921}.AppStore|iPhone.Build.0 = AppStore|iPhone
		{401DD32B-B4A0-4F3F-865C-70BCDA728921}.AppStore|iPhone.Deploy.0 = AppStore|iPhone
		{401DD32B-B4A0-4F3F-865C-70BCDA728921}.AppStore|iPhoneSimulator.ActiveCfg = AppStore|iPhoneSimulator
		{401DD32B-B4A0-4F3F-865C-70BCDA728921}.AppStore|iPhoneSimulator.Build.0 = AppStore|iPhoneSimulator
		{401DD32B-B4A0-4F3F-865C-70BCDA728921}.AppStore|iPhoneSimulator.Deploy.0 = AppStore|iPhoneSimulator
		{401DD32B-B4A0-4F3F-865C-70BCDA728921}.Debug|Any CPU.ActiveCfg = Debug|iPhoneSimulator
		{401DD32B-B4A0-4F3F-865C-70BCDA728921}.Debug|Any CPU.Build.0 = Debug|iPhoneSimulator
		{401DD32B-B4A0-4F3F-865C-70BCDA728921}.Debug|Any CPU.Deploy.0 = Debug|iPhoneSimulator
		{401DD32B-B4A0-4F3F-865C-70BCDA728921}.Debug|iPhone.ActiveCfg = Debug|iPhone
		{401DD32B-B4A0-4F3F-865C-70BCDA728921}.Debug|iPhone.Build.0 = Debug|iPhone
		{401DD32B-B4A0-4F3F-865C-70BCDA728921}.Debug|iPhone.Deploy.0 = Debug|iPhone
		{401DD32B-B4A0-4F3F-865C-70BCDA728921}.Debug|iPhoneSimulator.ActiveCfg = Debug|iPhoneSimulator
		{401DD32B-B4A0-4F3F-865C-70BCDA728921}.Debug|iPhoneSimulator.Build.0 = Debug|iPhoneSimulator
		{401DD32B-B4A0-4F3F-865C-70BCDA728921}.Debug|iPhoneSimulator.Deploy.0 = Debug|iPhoneSimulator
		{401DD32B-B4A0-4F3F-865C-70BCDA728921}.Release|Any CPU.ActiveCfg = Release|iPhone
		{401DD32B-B4A0-4F3F-865C-70BCDA728921}.Release|Any CPU.Build.0 = Release|iPhone
		{401DD32B-B4A0-4F3F-865C-70BCDA728921}.Release|Any CPU.Deploy.0 = Release|iPhone
		{401DD32B-B4A0-4F3F-865C-70BCDA728921}.Release|iPhone.ActiveCfg = Release|iPhone
		{401DD32B-B4A0-4F3F-865C-70BCDA728921}.Release|iPhone.Build.0 = Release|iPhone
		{401DD32B-B4A0-4F3F-865C-70BCDA728921}.Release|iPhone.Deploy.0 = Release|iPhone
		{401DD32B-B4A0-4F3F-865C-70BCDA728921}.Release|iPhoneSimulator.ActiveCfg = Release|iPhoneSimulator
		{401DD32B-B4A0-4F3F-865C-70BCDA728921}.Release|iPhoneSimulator.Build.0 = Release|iPhoneSimulator
		{401DD32B-B4A0-4F3F-865C-70BCDA728921}.Release|iPhoneSimulator.Deploy.0 = Release|iPhoneSimulator
		{F9C7ADC4-CDB7-4E2F-B481-6ABA07082492}.Ad-Hoc|Any CPU.ActiveCfg = Debug|Any CPU
		{F9C7ADC4-CDB7-4E2F-B481-6ABA07082492}.Ad-Hoc|Any CPU.Build.0 = Debug|Any CPU
		{F9C7ADC4-CDB7-4E2F-B481-6ABA07082492}.Ad-Hoc|Any CPU.Deploy.0 = Debug|Any CPU
		{F9C7ADC4-CDB7-4E2F-B481-6ABA07082492}.Ad-Hoc|iPhone.ActiveCfg = Debug|Any CPU
		{F9C7ADC4-CDB7-4E2F-B481-6ABA07082492}.Ad-Hoc|iPhone.Build.0 = Debug|Any CPU
		{F9C7ADC4-CDB7-4E2F-B481-6ABA07082492}.Ad-Hoc|iPhone.Deploy.0 = Debug|Any CPU
		{F9C7ADC4-CDB7-4E2F-B481-6ABA07082492}.Ad-Hoc|iPhoneSimulator.ActiveCfg = Debug|Any CPU
		{F9C7ADC4-CDB7-4E2F-B481-6ABA07082492}.Ad-Hoc|iPhoneSimulator.Build.0 = Debug|Any CPU
		{F9C7ADC4-CDB7-4E2F-B481-6ABA07082492}.Ad-Hoc|iPhoneSimulator.Deploy.0 = Debug|Any CPU
		{F9C7ADC4-CDB7-4E2F-B481-6ABA07082492}.AppStore|Any CPU.ActiveCfg = Debug|Any CPU
		{F9C7ADC4-CDB7-4E2F-B481-6ABA07082492}.AppStore|Any CPU.Build.0 = Debug|Any CPU
		{F9C7ADC4-CDB7-4E2F-B481-6ABA07082492}.AppStore|Any CPU.Deploy.0 = Debug|Any CPU
		{F9C7ADC4-CDB7-4E2F-B481-6ABA07082492}.AppStore|iPhone.ActiveCfg = Debug|Any CPU
		{F9C7ADC4-CDB7-4E2F-B481-6ABA07082492}.AppStore|iPhone.Build.0 = Debug|Any CPU
		{F9C7ADC4-CDB7-4E2F-B481-6ABA07082492}.AppStore|iPhone.Deploy.0 = Debug|Any CPU
		{F9C7ADC4-CDB7-4E2F-B481-6ABA07082492}.AppStore|iPhoneSimulator.ActiveCfg = Debug|Any CPU
		{F9C7ADC4-CDB7-4E2F-B481-6ABA07082492}.AppStore|iPhoneSimulator.Build.0 = Debug|Any CPU
		{F9C7ADC4-CDB7-4E2F-B481-6ABA07082492}.AppStore|iPhoneSimulator.Deploy.0 = Debug|Any CPU
		{F9C7ADC4-CDB7-4E2F-B481-6ABA07082492}.Debug|Any CPU.ActiveCfg = Debug|Any CPU
		{F9C7ADC4-CDB7-4E2F-B481-6ABA07082492}.Debug|Any CPU.Build.0 = Debug|Any CPU
		{F9C7ADC4-CDB7-4E2F-B481-6ABA07082492}.Debug|Any CPU.Deploy.0 = Debug|Any CPU
		{F9C7ADC4-CDB7-4E2F-B481-6ABA07082492}.Debug|iPhone.ActiveCfg = Debug|Any CPU
		{F9C7ADC4-CDB7-4E2F-B481-6ABA07082492}.Debug|iPhone.Build.0 = Debug|Any CPU
		{F9C7ADC4-CDB7-4E2F-B481-6ABA07082492}.Debug|iPhone.Deploy.0 = Debug|Any CPU
		{F9C7ADC4-CDB7-4E2F-B481-6ABA07082492}.Debug|iPhoneSimulator.ActiveCfg = Debug|Any CPU
		{F9C7ADC4-CDB7-4E2F-B481-6ABA07082492}.Debug|iPhoneSimulator.Build.0 = Debug|Any CPU
		{F9C7ADC4-CDB7-4E2F-B481-6ABA07082492}.Debug|iPhoneSimulator.Deploy.0 = Debug|Any CPU
		{F9C7ADC4-CDB7-4E2F-B481-6ABA07082492}.Release|Any CPU.ActiveCfg = Release|Any CPU
		{F9C7ADC4-CDB7-4E2F-B481-6ABA07082492}.Release|Any CPU.Build.0 = Release|Any CPU
		{F9C7ADC4-CDB7-4E2F-B481-6ABA07082492}.Release|Any CPU.Deploy.0 = Release|Any CPU
		{F9C7ADC4-CDB7-4E2F-B481-6ABA07082492}.Release|iPhone.ActiveCfg = Release|Any CPU
		{F9C7ADC4-CDB7-4E2F-B481-6ABA07082492}.Release|iPhone.Build.0 = Release|Any CPU
		{F9C7ADC4-CDB7-4E2F-B481-6ABA07082492}.Release|iPhone.Deploy.0 = Release|Any CPU
		{F9C7ADC4-CDB7-4E2F-B481-6ABA07082492}.Release|iPhoneSimulator.ActiveCfg = Release|Any CPU
		{F9C7ADC4-CDB7-4E2F-B481-6ABA07082492}.Release|iPhoneSimulator.Build.0 = Release|Any CPU
		{F9C7ADC4-CDB7-4E2F-B481-6ABA07082492}.Release|iPhoneSimulator.Deploy.0 = Release|Any CPU
	EndGlobalSection
	GlobalSection(SolutionProperties) = preSolution
		HideSolutionNode = FALSE
	EndGlobalSection
	GlobalSection(ExtensibilityGlobals) = postSolution
		SolutionGuid = {E1DB5EDD-6077-459D-9277-A70FE88A748C}
	EndGlobalSection
EndGlobal
